// !$*UTF8*$!
{
	archiveVersion = 1;
	classes = {
	};
	objectVersion = 56;
	objects = {

/* Begin PBXBuildFile section */
		26B995342A7F16B100D23279 /* ProjectOneSarahApp.swift in Sources */ = {isa = PBXBuildFile; fileRef = 26B995332A7F16B100D23279 /* ProjectOneSarahApp.swift */; };
		26B995362A7F16B100D23279 /* AddNewTaskView.swift in Sources */ = {isa = PBXBuildFile; fileRef = 26B995352A7F16B100D23279 /* AddNewTaskView.swift */; };
		26B995382A7F16B400D23279 /* Assets.xcassets in Resources */ = {isa = PBXBuildFile; fileRef = 26B995372A7F16B400D23279 /* Assets.xcassets */; };
		26B9953B2A7F16B400D23279 /* Preview Assets.xcassets in Resources */ = {isa = PBXBuildFile; fileRef = 26B9953A2A7F16B400D23279 /* Preview Assets.xcassets */; };
		26B995452A7F172F00D23279 /* TaskModel.swift in Sources */ = {isa = PBXBuildFile; fileRef = 26B995442A7F172F00D23279 /* TaskModel.swift */; };
		26B995472A7F177100D23279 /* PriorityStatus.swift in Sources */ = {isa = PBXBuildFile; fileRef = 26B995462A7F177100D23279 /* PriorityStatus.swift */; };
		26B995492A7F17C800D23279 /* TaskViewModel.swift in Sources */ = {isa = PBXBuildFile; fileRef = 26B995482A7F17C800D23279 /* TaskViewModel.swift */; };
		26B9954B2A7F189200D23279 /* DataTaskView.swift in Sources */ = {isa = PBXBuildFile; fileRef = 26B9954A2A7F189200D23279 /* DataTaskView.swift */; };
		26B9954D2A7F18CE00D23279 /* TasktView.swift in Sources */ = {isa = PBXBuildFile; fileRef = 26B9954C2A7F18CE00D23279 /* TasktView.swift */; };
		26B9954F2A7F18F400D23279 /* ListRowView.swift in Sources */ = {isa = PBXBuildFile; fileRef = 26B9954E2A7F18F400D23279 /* ListRowView.swift */; };
/* End PBXBuildFile section */

/* Begin PBXFileReference section */
		26B995302A7F16B100D23279 /* ProjectOneSarah.app */ = {isa = PBXFileReference; explicitFileType = wrapper.application; includeInIndex = 0; path = ProjectOneSarah.app; sourceTree = BUILT_PRODUCTS_DIR; };
		26B995332A7F16B100D23279 /* ProjectOneSarahApp.swift */ = {isa = PBXFileReference; lastKnownFileType = sourcecode.swift; path = ProjectOneSarahApp.swift; sourceTree = "<group>"; };
		26B995352A7F16B100D23279 /* AddNewTaskView.swift */ = {isa = PBXFileReference; lastKnownFileType = sourcecode.swift; path = AddNewTaskView.swift; sourceTree = "<group>"; };
		26B995372A7F16B400D23279 /* Assets.xcassets */ = {isa = PBXFileReference; lastKnownFileType = folder.assetcatalog; path = Assets.xcassets; sourceTree = "<group>"; };
		26B9953A2A7F16B400D23279 /* Preview Assets.xcassets */ = {isa = PBXFileReference; lastKnownFileType = folder.assetcatalog; path = "Preview Assets.xcassets"; sourceTree = "<group>"; };
		26B995442A7F172F00D23279 /* TaskModel.swift */ = {isa = PBXFileReference; lastKnownFileType = sourcecode.swift; path = TaskModel.swift; sourceTree = "<group>"; };
		26B995462A7F177100D23279 /* PriorityStatus.swift */ = {isa = PBXFileReference; lastKnownFileType = sourcecode.swift; path = PriorityStatus.swift; sourceTree = "<group>"; };
		26B995482A7F17C800D23279 /* TaskViewModel.swift */ = {isa = PBXFileReference; lastKnownFileType = sourcecode.swift; path = TaskViewModel.swift; sourceTree = "<group>"; };
		26B9954A2A7F189200D23279 /* DataTaskView.swift */ = {isa = PBXFileReference; lastKnownFileType = sourcecode.swift; path = DataTaskView.swift; sourceTree = "<group>"; };
		26B9954C2A7F18CE00D23279 /* TasktView.swift */ = {isa = PBXFileReference; lastKnownFileType = sourcecode.swift; path = TasktView.swift; sourceTree = "<group>"; };
		26B9954E2A7F18F400D23279 /* ListRowView.swift */ = {isa = PBXFileReference; lastKnownFileType = sourcecode.swift; path = ListRowView.swift; sourceTree = "<group>"; };
/* End PBXFileReference section */

/* Begin PBXFrameworksBuildPhase section */
		26B9952D2A7F16B100D23279 /* Frameworks */ = {
			isa = PBXFrameworksBuildPhase;
			buildActionMask = 2147483647;
			files = (
			);
			runOnlyForDeploymentPostprocessing = 0;
		};
/* End PBXFrameworksBuildPhase section */

/* Begin PBXGroup section */
		26B995272A7F16B100D23279 = {
			isa = PBXGroup;
			children = (
				26B995322A7F16B100D23279 /* ProjectOneSarah */,
				26B995312A7F16B100D23279 /* Products */,
			);
			sourceTree = "<group>";
		};
		26B995312A7F16B100D23279 /* Products */ = {
			isa = PBXGroup;
			children = (
				26B995302A7F16B100D23279 /* ProjectOneSarah.app */,
			);
			name = Products;
			sourceTree = "<group>";
		};
		26B995322A7F16B100D23279 /* ProjectOneSarah */ = {
			isa = PBXGroup;
			children = (
				26B995412A7F16BF00D23279 /* Model */,
				26B995422A7F16CA00D23279 /* ViewModel */,
				26B995502A7F19CF00D23279 /* View */,
				26B995332A7F16B100D23279 /* ProjectOneSarahApp.swift */,
				26B995372A7F16B400D23279 /* Assets.xcassets */,
				26B995392A7F16B400D23279 /* Preview Content */,
			);
			path = ProjectOneSarah;
			sourceTree = "<group>";
		};
		26B995392A7F16B400D23279 /* Preview Content */ = {
			isa = PBXGroup;
			children = (
				26B9953A2A7F16B400D23279 /* Preview Assets.xcassets */,
			);
			path = "Preview Content";
			sourceTree = "<group>";
		};
		26B995412A7F16BF00D23279 /* Model */ = {
			isa = PBXGroup;
			children = (
				26B995442A7F172F00D23279 /* TaskModel.swift */,
				26B995462A7F177100D23279 /* PriorityStatus.swift */,
			);
			path = Model;
			sourceTree = "<group>";
		};
		26B995422A7F16CA00D23279 /* ViewModel */ = {
			isa = PBXGroup;
			children = (
				26B995482A7F17C800D23279 /* TaskViewModel.swift */,
			);
			path = ViewModel;
			sourceTree = "<group>";
		};
		26B995502A7F19CF00D23279 /* View */ = {
			isa = PBXGroup;
			children = (
				26B9954C2A7F18CE00D23279 /* TasktView.swift */,
				26B995352A7F16B100D23279 /* AddNewTaskView.swift */,
				26B9954A2A7F189200D23279 /* DataTaskView.swift */,
				26B9954E2A7F18F400D23279 /* ListRowView.swift */,
			);
			name = View;
			path = View/View;
			sourceTree = "<group>";
		};
/* End PBXGroup section */

/* Begin PBXNativeTarget section */
		26B9952F2A7F16B100D23279 /* ProjectOneSarah */ = {
			isa = PBXNativeTarget;
			buildConfigurationList = 26B9953E2A7F16B400D23279 /* Build configuration list for PBXNativeTarget "ProjectOneSarah" */;
			buildPhases = (
				26B9952C2A7F16B100D23279 /* Sources */,
				26B9952D2A7F16B100D23279 /* Frameworks */,
				26B9952E2A7F16B100D23279 /* Resources */,
			);
			buildRules = (
			);
			dependencies = (
			);
			name = ProjectOneSarah;
			productName = ProjectOneSarah;
			productReference = 26B995302A7F16B100D23279 /* ProjectOneSarah.app */;
			productType = "com.apple.product-type.application";
		};
/* End PBXNativeTarget section */

/* Begin PBXProject section */
		26B995282A7F16B100D23279 /* Project object */ = {
			isa = PBXProject;
			attributes = {
				BuildIndependentTargetsInParallel = 1;
				LastSwiftUpdateCheck = 1420;
				LastUpgradeCheck = 1420;
				TargetAttributes = {
					26B9952F2A7F16B100D23279 = {
						CreatedOnToolsVersion = 14.2;
					};
				};
			};
			buildConfigurationList = 26B9952B2A7F16B100D23279 /* Build configuration list for PBXProject "ProjectOneSarah" */;
			compatibilityVersion = "Xcode 14.0";
			developmentRegion = en;
			hasScannedForEncodings = 0;
			knownRegions = (
				en,
				Base,
			);
			mainGroup = 26B995272A7F16B100D23279;
			productRefGroup = 26B995312A7F16B100D23279 /* Products */;
			projectDirPath = "";
			projectRoot = "";
			targets = (
				26B9952F2A7F16B100D23279 /* ProjectOneSarah */,
			);
		};
/* End PBXProject section */

/* Begin PBXResourcesBuildPhase section */
		26B9952E2A7F16B100D23279 /* Resources */ = {
			isa = PBXResourcesBuildPhase;
			buildActionMask = 2147483647;
			files = (
				26B9953B2A7F16B400D23279 /* Preview Assets.xcassets in Resources */,
				26B995382A7F16B400D23279 /* Assets.xcassets in Resources */,
			);
			runOnlyForDeploymentPostprocessing = 0;
		};
/* End PBXResourcesBuildPhase section */

/* Begin PBXSourcesBuildPhase section */
		26B9952C2A7F16B100D23279 /* Sources */ = {
			isa = PBXSourcesBuildPhase;
			buildActionMask = 2147483647;
			files = (
				26B995492A7F17C800D23279 /* TaskViewModel.swift in Sources */,
				26B9954B2A7F189200D23279 /* DataTaskView.swift in Sources */,
				26B9954F2A7F18F400D23279 /* ListRowView.swift in Sources */,
				26B995362A7F16B100D23279 /* AddNewTaskView.swift in Sources */,
				26B995472A7F177100D23279 /* PriorityStatus.swift in Sources */,
				26B9954D2A7F18CE00D23279 /* TasktView.swift in Sources */,
				26B995342A7F16B100D23279 /* ProjectOneSarahApp.swift in Sources */,
				26B995452A7F172F00D23279 /* TaskModel.swift in Sources */,
			);
			runOnlyForDeploymentPostprocessing = 0;
		};
/* End PBXSourcesBuildPhase section */

/* Begin XCBuildConfiguration section */
		26B9953C2A7F16B400D23279 /* Debug */ = {
			isa = XCBuildConfiguration;
			buildSettings = {
				ALWAYS_SEARCH_USER_PATHS = NO;
				CLANG_ANALYZER_NONNULL = YES;
				CLANG_ANALYZER_NUMBER_OBJECT_CONVERSION = YES_AGGRESSIVE;
				CLANG_CXX_LANGUAGE_STANDARD = "gnu++20";
				CLANG_ENABLE_MODULES = YES;
				CLANG_ENABLE_OBJC_ARC = YES;
				CLANG_ENABLE_OBJC_WEAK = YES;
				CLANG_WARN_BLOCK_CAPTURE_AUTORELEASING = YES;
				CLANG_WARN_BOOL_CONVERSION = YES;
				CLANG_WARN_COMMA = YES;
				CLANG_WARN_CONSTANT_CONVERSION = YES;
				CLANG_WARN_DEPRECATED_OBJC_IMPLEMENTATIONS = YES;
				CLANG_WARN_DIRECT_OBJC_ISA_USAGE = YES_ERROR;
				CLANG_WARN_DOCUMENTATION_COMMENTS = YES;
				CLANG_WARN_EMPTY_BODY = YES;
				CLANG_WARN_ENUM_CONVERSION = YES;
				CLANG_WARN_INFINITE_RECURSION = YES;
				CLANG_WARN_INT_CONVERSION = YES;
				CLANG_WARN_NON_LITERAL_NULL_CONVERSION = YES;
				CLANG_WARN_OBJC_IMPLICIT_RETAIN_SELF = YES;
				CLANG_WARN_OBJC_LITERAL_CONVERSION = YES;
				CLANG_WARN_OBJC_ROOT_CLASS = YES_ERROR;
				CLANG_WARN_QUOTED_INCLUDE_IN_FRAMEWORK_HEADER = YES;
				CLANG_WARN_RANGE_LOOP_ANALYSIS = YES;
				CLANG_WARN_STRICT_PROTOTYPES = YES;
				CLANG_WARN_SUSPICIOUS_MOVE = YES;
				CLANG_WARN_UNGUARDED_AVAILABILITY = YES_AGGRESSIVE;
				CLANG_WARN_UNREACHABLE_CODE = YES;
				CLANG_WARN__DUPLICATE_METHOD_MATCH = YES;
				COPY_PHASE_STRIP = NO;
				DEBUG_INFORMATION_FORMAT = dwarf;
				ENABLE_STRICT_OBJC_MSGSEND = YES;
				ENABLE_TESTABILITY = YES;
				GCC_C_LANGUAGE_STANDARD = gnu11;
				GCC_DYNAMIC_NO_PIC = NO;
				GCC_NO_COMMON_BLOCKS = YES;
				GCC_OPTIMIZATION_LEVEL = 0;
				GCC_PREPROCESSOR_DEFINITIONS = (
					"DEBUG=1",
					"$(inherited)",
				);
				GCC_WARN_64_TO_32_BIT_CONVERSION = YES;
				GCC_WARN_ABOUT_RETURN_TYPE = YES_ERROR;
				GCC_WARN_UNDECLARED_SELECTOR = YES;
				GCC_WARN_UNINITIALIZED_AUTOS = YES_AGGRESSIVE;
				GCC_WARN_UNUSED_FUNCTION = YES;
				GCC_WARN_UNUSED_VARIABLE = YES;
				IPHONEOS_DEPLOYMENT_TARGET = 16.2;
				MTL_ENABLE_DEBUG_INFO = INCLUDE_SOURCE;
				MTL_FAST_MATH = YES;
				ONLY_ACTIVE_ARCH = YES;
				SDKROOT = iphoneos;
				SWIFT_ACTIVE_COMPILATION_CONDITIONS = DEBUG;
				SWIFT_OPTIMIZATION_LEVEL = "-Onone";
			};
			name = Debug;
		};
		26B9953D2A7F16B400D23279 /* Release */ = {
			isa = XCBuildConfiguration;
			buildSettings = {
				ALWAYS_SEARCH_USER_PATHS = NO;
				CLANG_ANALYZER_NONNULL = YES;
				CLANG_ANALYZER_NUMBER_OBJECT_CONVERSION = YES_AGGRESSIVE;
				CLANG_CXX_LANGUAGE_STANDARD = "gnu++20";
				CLANG_ENABLE_MODULES = YES;
				CLANG_ENABLE_OBJC_ARC = YES;
				CLANG_ENABLE_OBJC_WEAK = YES;
				CLANG_WARN_BLOCK_CAPTURE_AUTORELEASING = YES;
				CLANG_WARN_BOOL_CONVERSION = YES;
				CLANG_WARN_COMMA = YES;
				CLANG_WARN_CONSTANT_CONVERSION = YES;
				CLANG_WARN_DEPRECATED_OBJC_IMPLEMENTATIONS = YES;
				CLANG_WARN_DIRECT_OBJC_ISA_USAGE = YES_ERROR;
				CLANG_WARN_DOCUMENTATION_COMMENTS = YES;
				CLANG_WARN_EMPTY_BODY = YES;
				CLANG_WARN_ENUM_CONVERSION = YES;
				CLANG_WARN_INFINITE_RECURSION = YES;
				CLANG_WARN_INT_CONVERSION = YES;
				CLANG_WARN_NON_LITERAL_NULL_CONVERSION = YES;
				CLANG_WARN_OBJC_IMPLICIT_RETAIN_SELF = YES;
				CLANG_WARN_OBJC_LITERAL_CONVERSION = YES;
				CLANG_WARN_OBJC_ROOT_CLASS = YES_ERROR;
				CLANG_WARN_QUOTED_INCLUDE_IN_FRAMEWORK_HEADER = YES;
				CLANG_WARN_RANGE_LOOP_ANALYSIS = YES;
				CLANG_WARN_STRICT_PROTOTYPES = YES;
				CLANG_WARN_SUSPICIOUS_MOVE = YES;
				CLANG_WARN_UNGUARDED_AVAILABILITY = YES_AGGRESSIVE;
				CLANG_WARN_UNREACHABLE_CODE = YES;
				CLANG_WARN__DUPLICATE_METHOD_MATCH = YES;
				COPY_PHASE_STRIP = NO;
				DEBUG_INFORMATION_FORMAT = "dwarf-with-dsym";
				ENABLE_NS_ASSERTIONS = NO;
				ENABLE_STRICT_OBJC_MSGSEND = YES;
				GCC_C_LANGUAGE_STANDARD = gnu11;
				GCC_NO_COMMON_BLOCKS = YES;
				GCC_WARN_64_TO_32_BIT_CONVERSION = YES;
				GCC_WARN_ABOUT_RETURN_TYPE = YES_ERROR;
				GCC_WARN_UNDECLARED_SELECTOR = YES;
				GCC_WARN_UNINITIALIZED_AUTOS = YES_AGGRESSIVE;
				GCC_WARN_UNUSED_FUNCTION = YES;
				GCC_WARN_UNUSED_VARIABLE = YES;
				IPHONEOS_DEPLOYMENT_TARGET = 16.2;
				MTL_ENABLE_DEBUG_INFO = NO;
				MTL_FAST_MATH = YES;
				SDKROOT = iphoneos;
				SWIFT_COMPILATION_MODE = wholemodule;
				SWIFT_OPTIMIZATION_LEVEL = "-O";
				VALIDATE_PRODUCT = YES;
			};
			name = Release;
		};
		26B9953F2A7F16B400D23279 /* Debug */ = {
			isa = XCBuildConfiguration;
			buildSettings = {
				ASSETCATALOG_COMPILER_APPICON_NAME = AppIcon;
				ASSETCATALOG_COMPILER_GLOBAL_ACCENT_COLOR_NAME = AccentColor;
				CODE_SIGN_STYLE = Automatic;
				CURRENT_PROJECT_VERSION = 1;
				DEVELOPMENT_ASSET_PATHS = "\"ProjectOneSarah/Preview Content\"";
				ENABLE_PREVIEWS = YES;
				GENERATE_INFOPLIST_FILE = YES;
				INFOPLIST_KEY_UIApplicationSceneManifest_Generation = YES;
				INFOPLIST_KEY_UIApplicationSupportsIndirectInputEvents = YES;
				INFOPLIST_KEY_UILaunchScreen_Generation = YES;
				INFOPLIST_KEY_UISupportedInterfaceOrientations_iPad = "UIInterfaceOrientationPortrait UIInterfaceOrientationPortraitUpsideDown UIInterfaceOrientationLandscapeLeft UIInterfaceOrientationLandscapeRight";
				INFOPLIST_KEY_UISupportedInterfaceOrientations_iPhone = "UIInterfaceOrientationPortrait UIInterfaceOrientationLandscapeLeft UIInterfaceOrientationLandscapeRight";
				LD_RUNPATH_SEARCH_PATHS = (
					"$(inherited)",
					"@executable_path/Frameworks",
				);
				MARKETING_VERSION = 1.0;
				PRODUCT_BUNDLE_IDENTIFIER = sarahM.ProjectOneSarah;
				PRODUCT_NAME = "$(TARGET_NAME)";
				SWIFT_EMIT_LOC_STRINGS = YES;
				SWIFT_VERSION = 5.0;
				TARGETED_DEVICE_FAMILY = "1,2";
			};
			name = Debug;
		};
		26B995402A7F16B400D23279 /* Release */ = {
			isa = XCBuildConfiguration;
			buildSettings = {
				ASSETCATALOG_COMPILER_APPICON_NAME = AppIcon;
				ASSETCATALOG_COMPILER_GLOBAL_ACCENT_COLOR_NAME = AccentColor;
				CODE_SIGN_STYLE = Automatic;
				CURRENT_PROJECT_VERSION = 1;
				DEVELOPMENT_ASSET_PATHS = "\"ProjectOneSarah/Preview Content\"";
				ENABLE_PREVIEWS = YES;
				GENERATE_INFOPLIST_FILE = YES;
				INFOPLIST_KEY_UIApplicationSceneManifest_Generation = YES;
				INFOPLIST_KEY_UIApplicationSupportsIndirectInputEvents = YES;
				INFOPLIST_KEY_UILaunchScreen_Generation = YES;
				INFOPLIST_KEY_UISupportedInterfaceOrientations_iPad = "UIInterfaceOrientationPortrait UIInterfaceOrientationPortraitUpsideDown UIInterfaceOrientationLandscapeLeft UIInterfaceOrientationLandscapeRight";
				INFOPLIST_KEY_UISupportedInterfaceOrientations_iPhone = "UIInterfaceOrientationPortrait UIInterfaceOrientationLandscapeLeft UIInterfaceOrientationLandscapeRight";
				LD_RUNPATH_SEARCH_PATHS = (
					"$(inherited)",
					"@executable_path/Frameworks",
				);
				MARKETING_VERSION = 1.0;
				PRODUCT_BUNDLE_IDENTIFIER = sarahM.ProjectOneSarah;
				PRODUCT_NAME = "$(TARGET_NAME)";
				SWIFT_EMIT_LOC_STRINGS = YES;
				SWIFT_VERSION = 5.0;
				TARGETED_DEVICE_FAMILY = "1,2";
			};
			name = Release;
		};
/* End XCBuildConfiguration section */

/* Begin XCConfigurationList section */
		26B9952B2A7F16B100D23279 /* Build configuration list for PBXProject "ProjectOneSarah" */ = {
			isa = XCConfigurationList;
			buildConfigurations = (
				26B9953C2A7F16B400D23279 /* Debug */,
				26B9953D2A7F16B400D23279 /* Release */,
			);
			defaultConfigurationIsVisible = 0;
			defaultConfigurationName = Release;
		};
		26B9953E2A7F16B400D23279 /* Build configuration list for PBXNativeTarget "ProjectOneSarah" */ = {
			isa = XCConfigurationList;
			buildConfigurations = (
				26B9953F2A7F16B400D23279 /* Debug */,
				26B995402A7F16B400D23279 /* Release */,
			);
			defaultConfigurationIsVisible = 0;
			defaultConfigurationName = Release;
		};
/* End XCConfigurationList section */
	};
	rootObject = 26B995282A7F16B100D23279 /* Project object */;
}
